
Microsoft Visual Studio Solution File, Format Version 12.00
# Visual Studio Version 17
VisualStudioVersion = 17.5.33516.290
MinimumVisualStudioVersion = 10.0.40219.1
Project("{FAE04EC0-301F-11D3-BF4B-00C04F79EFBC}") = "Balls_end", "Balls_end\Balls_end.csproj", "{339793BA-A65A-4118-A29C-3B98F475D9D7}"
EndProject
Global
	GlobalSection(SolutionConfigurationPlatforms) = preSolution
		Debug|Any CPU = Debug|Any CPU
		Release|Any CPU = Release|Any CPU
	EndGlobalSection
	GlobalSection(ProjectConfigurationPlatforms) = postSolution
		{339793BA-A65A-4118-A29C-3B98F475D9D7}.Debug|Any CPU.ActiveCfg = Debug|Any CPU
		{339793BA-A65A-4118-A29C-3B98F475D9D7}.Debug|Any CPU.Build.0 = Debug|Any CPU
		{339793BA-A65A-4118-A29C-3B98F475D9D7}.Release|Any CPU.ActiveCfg = Release|Any CPU
		{339793BA-A65A-4118-A29C-3B98F475D9D7}.Release|Any CPU.Build.0 = Release|Any CPU
	EndGlobalSection
	GlobalSection(SolutionProperties) = preSolution
		HideSolutionNode = FALSE
	EndGlobalSection
	GlobalSection(ExtensibilityGlobals) = postSolution
		SolutionGuid = {D28630A6-E946-4879-8541-31D77EB48CA5}
	EndGlobalSection
EndGlobal
